// !$*UTF8*$!
{
	archiveVersion = 1;
	classes = {
	};
	objectVersion = 55;
	objects = {

/* Begin PBXBuildFile section */
		3B039CAD28C3F2F6009A05F7 /* AppDelegate.swift in Sources */ = {isa = PBXBuildFile; fileRef = 3B039CAC28C3F2F6009A05F7 /* AppDelegate.swift */; };
		3B039CB128C3F2F6009A05F7 /* LoginViewController.swift in Sources */ = {isa = PBXBuildFile; fileRef = 3B039CB028C3F2F6009A05F7 /* LoginViewController.swift */; };
		3B039CB628C3F2F8009A05F7 /* Assets.xcassets in Resources */ = {isa = PBXBuildFile; fileRef = 3B039CB528C3F2F8009A05F7 /* Assets.xcassets */; };
		3B039CB928C3F2F8009A05F7 /* LaunchScreen.storyboard in Resources */ = {isa = PBXBuildFile; fileRef = 3B039CB728C3F2F8009A05F7 /* LaunchScreen.storyboard */; };
		3B039CC328C3F79A009A05F7 /* LoginView.swift in Sources */ = {isa = PBXBuildFile; fileRef = 3B039CC228C3F79A009A05F7 /* LoginView.swift */; };
		3B1EBAD628D414910079F77F /* AccountSummaryCell.swift in Sources */ = {isa = PBXBuildFile; fileRef = 3B1EBAD528D414910079F77F /* AccountSummaryCell.swift */; };
		3B1EBADA28D4FB880079F77F /* Decimal+Utils.swift in Sources */ = {isa = PBXBuildFile; fileRef = 3B1EBAD928D4FB880079F77F /* Decimal+Utils.swift */; };
		3B2BC36228CDA42800A67346 /* AccountSummaryViewController.swift in Sources */ = {isa = PBXBuildFile; fileRef = 3B2BC36128CDA42800A67346 /* AccountSummaryViewController.swift */; };
		3B2BC36528D2546700A67346 /* AccountSummaryHeaderView.swift in Sources */ = {isa = PBXBuildFile; fileRef = 3B2BC36428D2546700A67346 /* AccountSummaryHeaderView.swift */; };
		3B2BC36728D2549800A67346 /* AccountSummaryHeaderView.xib in Resources */ = {isa = PBXBuildFile; fileRef = 3B2BC36628D2549800A67346 /* AccountSummaryHeaderView.xib */; };
		3B3139A128CBE4E1000CD86F /* LocalState.swift in Sources */ = {isa = PBXBuildFile; fileRef = 3B3139A028CBE4E1000CD86F /* LocalState.swift */; };
		3B3139A328CD00F2000CD86F /* UIViewController+utils.swift in Sources */ = {isa = PBXBuildFile; fileRef = 3B3139A228CD00F2000CD86F /* UIViewController+utils.swift */; };
		3B3139A528CD03CD000CD86F /* MainViewController.swift in Sources */ = {isa = PBXBuildFile; fileRef = 3B3139A428CD03CD000CD86F /* MainViewController.swift */; };
		3B33986728D693AD0000D337 /* NSNotificationName.swift in Sources */ = {isa = PBXBuildFile; fileRef = 3B33986628D693AC0000D337 /* NSNotificationName.swift */; };
		3B33986928D696C40000D337 /* UITextField+SecureToggle.swift in Sources */ = {isa = PBXBuildFile; fileRef = 3B33986828D696C40000D337 /* UITextField+SecureToggle.swift */; };
		3B3CAE7228C92F0A00790699 /* OnboardingContainerViewController.swift in Sources */ = {isa = PBXBuildFile; fileRef = 3B3CAE7128C92F0A00790699 /* OnboardingContainerViewController.swift */; };
		3B3CAE7428C970E200790699 /* OnboardingViewController.swift in Sources */ = {isa = PBXBuildFile; fileRef = 3B3CAE7328C970E200790699 /* OnboardingViewController.swift */; };
		3B3CAE7628CBD6AA00790699 /* DummyVC.swift in Sources */ = {isa = PBXBuildFile; fileRef = 3B3CAE7528CBD6AA00790699 /* DummyVC.swift */; };
		3B55091C28D4FC63006424DA /* CurrencyFormatter.swift in Sources */ = {isa = PBXBuildFile; fileRef = 3B55091B28D4FC63006424DA /* CurrencyFormatter.swift */; };
		3B55092B28D58B2D006424DA /* CurrencyFormatterTests.swift in Sources */ = {isa = PBXBuildFile; fileRef = 3B55092A28D58B2D006424DA /* CurrencyFormatterTests.swift */; };
		3B567A6328DCD9F00066A967 /* AccountSummaryCellViewModel.swift in Sources */ = {isa = PBXBuildFile; fileRef = 3B567A6228DCD9F00066A967 /* AccountSummaryCellViewModel.swift */; };
		3BEDEB0D28DA31A600933CEA /* ShakeyBellView.swift in Sources */ = {isa = PBXBuildFile; fileRef = 3BEDEB0C28DA31A600933CEA /* ShakeyBellView.swift */; };
/* End PBXBuildFile section */

/* Begin PBXContainerItemProxy section */
		3B55092528D58A3A006424DA /* PBXContainerItemProxy */ = {
			isa = PBXContainerItemProxy;
			containerPortal = 3B039CA128C3F2F6009A05F7 /* Project object */;
			proxyType = 1;
			remoteGlobalIDString = 3B039CA828C3F2F6009A05F7;
			remoteInfo = "Bank-IOS";
		};
/* End PBXContainerItemProxy section */

/* Begin PBXFileReference section */
		3B039CA928C3F2F6009A05F7 /* Bank-IOS.app */ = {isa = PBXFileReference; explicitFileType = wrapper.application; includeInIndex = 0; path = "Bank-IOS.app"; sourceTree = BUILT_PRODUCTS_DIR; };
		3B039CAC28C3F2F6009A05F7 /* AppDelegate.swift */ = {isa = PBXFileReference; lastKnownFileType = sourcecode.swift; path = AppDelegate.swift; sourceTree = "<group>"; };
		3B039CB028C3F2F6009A05F7 /* LoginViewController.swift */ = {isa = PBXFileReference; lastKnownFileType = sourcecode.swift; path = LoginViewController.swift; sourceTree = "<group>"; };
		3B039CB528C3F2F8009A05F7 /* Assets.xcassets */ = {isa = PBXFileReference; lastKnownFileType = folder.assetcatalog; path = Assets.xcassets; sourceTree = "<group>"; };
		3B039CB828C3F2F8009A05F7 /* Base */ = {isa = PBXFileReference; lastKnownFileType = file.storyboard; name = Base; path = Base.lproj/LaunchScreen.storyboard; sourceTree = "<group>"; };
		3B039CBA28C3F2F8009A05F7 /* Info.plist */ = {isa = PBXFileReference; lastKnownFileType = text.plist.xml; path = Info.plist; sourceTree = "<group>"; };
		3B039CC228C3F79A009A05F7 /* LoginView.swift */ = {isa = PBXFileReference; lastKnownFileType = sourcecode.swift; path = LoginView.swift; sourceTree = "<group>"; };
		3B1EBAD528D414910079F77F /* AccountSummaryCell.swift */ = {isa = PBXFileReference; lastKnownFileType = sourcecode.swift; path = AccountSummaryCell.swift; sourceTree = "<group>"; };
		3B1EBAD928D4FB880079F77F /* Decimal+Utils.swift */ = {isa = PBXFileReference; lastKnownFileType = sourcecode.swift; path = "Decimal+Utils.swift"; sourceTree = "<group>"; };
		3B2BC36128CDA42800A67346 /* AccountSummaryViewController.swift */ = {isa = PBXFileReference; lastKnownFileType = sourcecode.swift; path = AccountSummaryViewController.swift; sourceTree = "<group>"; };
		3B2BC36428D2546700A67346 /* AccountSummaryHeaderView.swift */ = {isa = PBXFileReference; lastKnownFileType = sourcecode.swift; path = AccountSummaryHeaderView.swift; sourceTree = "<group>"; };
		3B2BC36628D2549800A67346 /* AccountSummaryHeaderView.xib */ = {isa = PBXFileReference; lastKnownFileType = file.xib; path = AccountSummaryHeaderView.xib; sourceTree = "<group>"; };
		3B3139A028CBE4E1000CD86F /* LocalState.swift */ = {isa = PBXFileReference; lastKnownFileType = sourcecode.swift; path = LocalState.swift; sourceTree = "<group>"; };
		3B3139A228CD00F2000CD86F /* UIViewController+utils.swift */ = {isa = PBXFileReference; lastKnownFileType = sourcecode.swift; path = "UIViewController+utils.swift"; sourceTree = "<group>"; };
		3B3139A428CD03CD000CD86F /* MainViewController.swift */ = {isa = PBXFileReference; lastKnownFileType = sourcecode.swift; path = MainViewController.swift; sourceTree = "<group>"; };
		3B33986628D693AC0000D337 /* NSNotificationName.swift */ = {isa = PBXFileReference; lastKnownFileType = sourcecode.swift; path = NSNotificationName.swift; sourceTree = "<group>"; };
		3B33986828D696C40000D337 /* UITextField+SecureToggle.swift */ = {isa = PBXFileReference; lastKnownFileType = sourcecode.swift; path = "UITextField+SecureToggle.swift"; sourceTree = "<group>"; };
		3B3CAE7128C92F0A00790699 /* OnboardingContainerViewController.swift */ = {isa = PBXFileReference; lastKnownFileType = sourcecode.swift; path = OnboardingContainerViewController.swift; sourceTree = "<group>"; };
		3B3CAE7328C970E200790699 /* OnboardingViewController.swift */ = {isa = PBXFileReference; lastKnownFileType = sourcecode.swift; path = OnboardingViewController.swift; sourceTree = "<group>"; };
		3B3CAE7528CBD6AA00790699 /* DummyVC.swift */ = {isa = PBXFileReference; lastKnownFileType = sourcecode.swift; path = DummyVC.swift; sourceTree = "<group>"; };
		3B55091B28D4FC63006424DA /* CurrencyFormatter.swift */ = {isa = PBXFileReference; lastKnownFileType = sourcecode.swift; path = CurrencyFormatter.swift; sourceTree = "<group>"; };
		3B55092128D58A3A006424DA /* BankeyUnitTests.xctest */ = {isa = PBXFileReference; explicitFileType = wrapper.cfbundle; includeInIndex = 0; path = BankeyUnitTests.xctest; sourceTree = BUILT_PRODUCTS_DIR; };
		3B55092A28D58B2D006424DA /* CurrencyFormatterTests.swift */ = {isa = PBXFileReference; lastKnownFileType = sourcecode.swift; path = CurrencyFormatterTests.swift; sourceTree = "<group>"; };
		3B567A6228DCD9F00066A967 /* AccountSummaryCellViewModel.swift */ = {isa = PBXFileReference; lastKnownFileType = sourcecode.swift; path = AccountSummaryCellViewModel.swift; sourceTree = "<group>"; };
		3BEDEB0C28DA31A600933CEA /* ShakeyBellView.swift */ = {isa = PBXFileReference; lastKnownFileType = sourcecode.swift; path = ShakeyBellView.swift; sourceTree = "<group>"; };
/* End PBXFileReference section */

/* Begin PBXFrameworksBuildPhase section */
		3B039CA628C3F2F6009A05F7 /* Frameworks */ = {
			isa = PBXFrameworksBuildPhase;
			buildActionMask = 2147483647;
			files = (
			);
			runOnlyForDeploymentPostprocessing = 0;
		};
		3B55091E28D58A3A006424DA /* Frameworks */ = {
			isa = PBXFrameworksBuildPhase;
			buildActionMask = 2147483647;
			files = (
			);
			runOnlyForDeploymentPostprocessing = 0;
		};
/* End PBXFrameworksBuildPhase section */

/* Begin PBXGroup section */
		3B039CA028C3F2F6009A05F7 = {
			isa = PBXGroup;
			children = (
				3B039CAB28C3F2F6009A05F7 /* Bank-IOS */,
				3B55092228D58A3A006424DA /* BankeyUnitTests */,
				3B039CAA28C3F2F6009A05F7 /* Products */,
			);
			sourceTree = "<group>";
		};
		3B039CAA28C3F2F6009A05F7 /* Products */ = {
			isa = PBXGroup;
			children = (
				3B039CA928C3F2F6009A05F7 /* Bank-IOS.app */,
				3B55092128D58A3A006424DA /* BankeyUnitTests.xctest */,
			);
			name = Products;
			sourceTree = "<group>";
		};
		3B039CAB28C3F2F6009A05F7 /* Bank-IOS */ = {
			isa = PBXGroup;
			children = (
				3B039CAC28C3F2F6009A05F7 /* AppDelegate.swift */,
				3B3139A428CD03CD000CD86F /* MainViewController.swift */,
				3B039CC128C3F768009A05F7 /* Login */,
				3B3CAE7028C92EC700790699 /* Onboarding */,
				3B2BC36328CDA43000A67346 /* AccountSummary */,
				3B31399F28CBE4CB000CD86F /* Utils */,
				3BEDEB0B28DA315B00933CEA /* Components */,
				3B039CC028C3F6AA009A05F7 /* Files */,
			);
			path = "Bank-IOS";
			sourceTree = "<group>";
		};
		3B039CC028C3F6AA009A05F7 /* Files */ = {
			isa = PBXGroup;
			children = (
				3B039CB528C3F2F8009A05F7 /* Assets.xcassets */,
				3B039CB728C3F2F8009A05F7 /* LaunchScreen.storyboard */,
				3B039CBA28C3F2F8009A05F7 /* Info.plist */,
			);
			name = Files;
			sourceTree = "<group>";
		};
		3B039CC128C3F768009A05F7 /* Login */ = {
			isa = PBXGroup;
			children = (
				3B039CB028C3F2F6009A05F7 /* LoginViewController.swift */,
				3B039CC228C3F79A009A05F7 /* LoginView.swift */,
				3B3CAE7528CBD6AA00790699 /* DummyVC.swift */,
			);
			path = Login;
			sourceTree = "<group>";
		};
		3B1EBAD328D413DE0079F77F /* Header */ = {
			isa = PBXGroup;
			children = (
				3B2BC36428D2546700A67346 /* AccountSummaryHeaderView.swift */,
				3B2BC36628D2549800A67346 /* AccountSummaryHeaderView.xib */,
			);
			path = Header;
			sourceTree = "<group>";
		};
		3B1EBAD428D414570079F77F /* Cells */ = {
			isa = PBXGroup;
			children = (
				3B1EBAD528D414910079F77F /* AccountSummaryCell.swift */,
				3B567A6228DCD9F00066A967 /* AccountSummaryCellViewModel.swift */,
			);
			path = Cells;
			sourceTree = "<group>";
		};
		3B2BC36328CDA43000A67346 /* AccountSummary */ = {
			isa = PBXGroup;
			children = (
				3B2BC36128CDA42800A67346 /* AccountSummaryViewController.swift */,
				3B1EBAD328D413DE0079F77F /* Header */,
				3B1EBAD428D414570079F77F /* Cells */,
			);
			path = AccountSummary;
			sourceTree = "<group>";
		};
		3B31399F28CBE4CB000CD86F /* Utils */ = {
			isa = PBXGroup;
			children = (
				3B3139A028CBE4E1000CD86F /* LocalState.swift */,
				3B3139A228CD00F2000CD86F /* UIViewController+utils.swift */,
				3B1EBAD928D4FB880079F77F /* Decimal+Utils.swift */,
				3B55091B28D4FC63006424DA /* CurrencyFormatter.swift */,
				3B33986628D693AC0000D337 /* NSNotificationName.swift */,
				3B33986828D696C40000D337 /* UITextField+SecureToggle.swift */,
			);
			path = Utils;
			sourceTree = "<group>";
		};
		3B3CAE7028C92EC700790699 /* Onboarding */ = {
			isa = PBXGroup;
			children = (
				3B3CAE7128C92F0A00790699 /* OnboardingContainerViewController.swift */,
				3B3CAE7328C970E200790699 /* OnboardingViewController.swift */,
			);
			path = Onboarding;
			sourceTree = "<group>";
		};
		3B55092228D58A3A006424DA /* BankeyUnitTests */ = {
			isa = PBXGroup;
			children = (
				3B55092A28D58B2D006424DA /* CurrencyFormatterTests.swift */,
			);
			path = BankeyUnitTests;
			sourceTree = "<group>";
		};
		3BEDEB0B28DA315B00933CEA /* Components */ = {
			isa = PBXGroup;
			children = (
				3BEDEB0C28DA31A600933CEA /* ShakeyBellView.swift */,
			);
			path = Components;
			sourceTree = "<group>";
		};
/* End PBXGroup section */

/* Begin PBXNativeTarget section */
		3B039CA828C3F2F6009A05F7 /* Bank-IOS */ = {
			isa = PBXNativeTarget;
			buildConfigurationList = 3B039CBD28C3F2F8009A05F7 /* Build configuration list for PBXNativeTarget "Bank-IOS" */;
			buildPhases = (
				3B039CA528C3F2F6009A05F7 /* Sources */,
				3B039CA628C3F2F6009A05F7 /* Frameworks */,
				3B039CA728C3F2F6009A05F7 /* Resources */,
			);
			buildRules = (
			);
			dependencies = (
			);
			name = "Bank-IOS";
			productName = "Bank-IOS";
			productReference = 3B039CA928C3F2F6009A05F7 /* Bank-IOS.app */;
			productType = "com.apple.product-type.application";
		};
		3B55092028D58A3A006424DA /* BankeyUnitTests */ = {
			isa = PBXNativeTarget;
			buildConfigurationList = 3B55092728D58A3A006424DA /* Build configuration list for PBXNativeTarget "BankeyUnitTests" */;
			buildPhases = (
				3B55091D28D58A3A006424DA /* Sources */,
				3B55091E28D58A3A006424DA /* Frameworks */,
				3B55091F28D58A3A006424DA /* Resources */,
			);
			buildRules = (
			);
			dependencies = (
				3B55092628D58A3A006424DA /* PBXTargetDependency */,
			);
			name = BankeyUnitTests;
			productName = BankeyUnitTests;
			productReference = 3B55092128D58A3A006424DA /* BankeyUnitTests.xctest */;
			productType = "com.apple.product-type.bundle.unit-test";
		};
/* End PBXNativeTarget section */

/* Begin PBXProject section */
		3B039CA128C3F2F6009A05F7 /* Project object */ = {
			isa = PBXProject;
			attributes = {
				BuildIndependentTargetsInParallel = 1;
				LastSwiftUpdateCheck = 1340;
				LastUpgradeCheck = 1340;
				TargetAttributes = {
					3B039CA828C3F2F6009A05F7 = {
						CreatedOnToolsVersion = 13.4.1;
					};
					3B55092028D58A3A006424DA = {
						CreatedOnToolsVersion = 13.4.1;
						LastSwiftMigration = 1340;
						TestTargetID = 3B039CA828C3F2F6009A05F7;
					};
				};
			};
			buildConfigurationList = 3B039CA428C3F2F6009A05F7 /* Build configuration list for PBXProject "Bank-IOS" */;
			compatibilityVersion = "Xcode 13.0";
			developmentRegion = en;
			hasScannedForEncodings = 0;
			knownRegions = (
				en,
				Base,
			);
			mainGroup = 3B039CA028C3F2F6009A05F7;
			productRefGroup = 3B039CAA28C3F2F6009A05F7 /* Products */;
			projectDirPath = "";
			projectRoot = "";
			targets = (
				3B039CA828C3F2F6009A05F7 /* Bank-IOS */,
				3B55092028D58A3A006424DA /* BankeyUnitTests */,
			);
		};
/* End PBXProject section */

/* Begin PBXResourcesBuildPhase section */
		3B039CA728C3F2F6009A05F7 /* Resources */ = {
			isa = PBXResourcesBuildPhase;
			buildActionMask = 2147483647;
			files = (
				3B2BC36728D2549800A67346 /* AccountSummaryHeaderView.xib in Resources */,
				3B039CB928C3F2F8009A05F7 /* LaunchScreen.storyboard in Resources */,
				3B039CB628C3F2F8009A05F7 /* Assets.xcassets in Resources */,
			);
			runOnlyForDeploymentPostprocessing = 0;
		};
		3B55091F28D58A3A006424DA /* Resources */ = {
			isa = PBXResourcesBuildPhase;
			buildActionMask = 2147483647;
			files = (
			);
			runOnlyForDeploymentPostprocessing = 0;
		};
/* End PBXResourcesBuildPhase section */

/* Begin PBXSourcesBuildPhase section */
		3B039CA528C3F2F6009A05F7 /* Sources */ = {
			isa = PBXSourcesBuildPhase;
			buildActionMask = 2147483647;
			files = (
				3B3139A328CD00F2000CD86F /* UIViewController+utils.swift in Sources */,
				3B039CC328C3F79A009A05F7 /* LoginView.swift in Sources */,
				3B3139A128CBE4E1000CD86F /* LocalState.swift in Sources */,
				3B2BC36528D2546700A67346 /* AccountSummaryHeaderView.swift in Sources */,
				3B33986928D696C40000D337 /* UITextField+SecureToggle.swift in Sources */,
				3B3CAE7628CBD6AA00790699 /* DummyVC.swift in Sources */,
				3B55091C28D4FC63006424DA /* CurrencyFormatter.swift in Sources */,
				3B1EBADA28D4FB880079F77F /* Decimal+Utils.swift in Sources */,
				3B33986728D693AD0000D337 /* NSNotificationName.swift in Sources */,
				3B039CB128C3F2F6009A05F7 /* LoginViewController.swift in Sources */,
				3BEDEB0D28DA31A600933CEA /* ShakeyBellView.swift in Sources */,
				3B1EBAD628D414910079F77F /* AccountSummaryCell.swift in Sources */,
				3B3CAE7428C970E200790699 /* OnboardingViewController.swift in Sources */,
				3B3139A528CD03CD000CD86F /* MainViewController.swift in Sources */,
				3B2BC36228CDA42800A67346 /* AccountSummaryViewController.swift in Sources */,
				3B567A6328DCD9F00066A967 /* AccountSummaryCellViewModel.swift in Sources */,
				3B039CAD28C3F2F6009A05F7 /* AppDelegate.swift in Sources */,
				3B3CAE7228C92F0A00790699 /* OnboardingContainerViewController.swift in Sources */,
			);
			runOnlyForDeploymentPostprocessing = 0;
		};
		3B55091D28D58A3A006424DA /* Sources */ = {
			isa = PBXSourcesBuildPhase;
			buildActionMask = 2147483647;
			files = (
				3B55092B28D58B2D006424DA /* CurrencyFormatterTests.swift in Sources */,
			);
			runOnlyForDeploymentPostprocessing = 0;
		};
/* End PBXSourcesBuildPhase section */

/* Begin PBXTargetDependency section */
		3B55092628D58A3A006424DA /* PBXTargetDependency */ = {
			isa = PBXTargetDependency;
			target = 3B039CA828C3F2F6009A05F7 /* Bank-IOS */;
			targetProxy = 3B55092528D58A3A006424DA /* PBXContainerItemProxy */;
		};
/* End PBXTargetDependency section */

/* Begin PBXVariantGroup section */
		3B039CB728C3F2F8009A05F7 /* LaunchScreen.storyboard */ = {
			isa = PBXVariantGroup;
			children = (
				3B039CB828C3F2F8009A05F7 /* Base */,
			);
			name = LaunchScreen.storyboard;
			sourceTree = "<group>";
		};
/* End PBXVariantGroup section */

/* Begin XCBuildConfiguration section */
		3B039CBB28C3F2F8009A05F7 /* Debug */ = {
			isa = XCBuildConfiguration;
			buildSettings = {
				ALWAYS_SEARCH_USER_PATHS = NO;
				CLANG_ANALYZER_NONNULL = YES;
				CLANG_ANALYZER_NUMBER_OBJECT_CONVERSION = YES_AGGRESSIVE;
				CLANG_CXX_LANGUAGE_STANDARD = "gnu++17";
				CLANG_ENABLE_MODULES = YES;
				CLANG_ENABLE_OBJC_ARC = YES;
				CLANG_ENABLE_OBJC_WEAK = YES;
				CLANG_WARN_BLOCK_CAPTURE_AUTORELEASING = YES;
				CLANG_WARN_BOOL_CONVERSION = YES;
				CLANG_WARN_COMMA = YES;
				CLANG_WARN_CONSTANT_CONVERSION = YES;
				CLANG_WARN_DEPRECATED_OBJC_IMPLEMENTATIONS = YES;
				CLANG_WARN_DIRECT_OBJC_ISA_USAGE = YES_ERROR;
				CLANG_WARN_DOCUMENTATION_COMMENTS = YES;
				CLANG_WARN_EMPTY_BODY = YES;
				CLANG_WARN_ENUM_CONVERSION = YES;
				CLANG_WARN_INFINITE_RECURSION = YES;
				CLANG_WARN_INT_CONVERSION = YES;
				CLANG_WARN_NON_LITERAL_NULL_CONVERSION = YES;
				CLANG_WARN_OBJC_IMPLICIT_RETAIN_SELF = YES;
				CLANG_WARN_OBJC_LITERAL_CONVERSION = YES;
				CLANG_WARN_OBJC_ROOT_CLASS = YES_ERROR;
				CLANG_WARN_QUOTED_INCLUDE_IN_FRAMEWORK_HEADER = YES;
				CLANG_WARN_RANGE_LOOP_ANALYSIS = YES;
				CLANG_WARN_STRICT_PROTOTYPES = YES;
				CLANG_WARN_SUSPICIOUS_MOVE = YES;
				CLANG_WARN_UNGUARDED_AVAILABILITY = YES_AGGRESSIVE;
				CLANG_WARN_UNREACHABLE_CODE = YES;
				CLANG_WARN__DUPLICATE_METHOD_MATCH = YES;
				COPY_PHASE_STRIP = NO;
				DEBUG_INFORMATION_FORMAT = dwarf;
				ENABLE_STRICT_OBJC_MSGSEND = YES;
				ENABLE_TESTABILITY = YES;
				GCC_C_LANGUAGE_STANDARD = gnu11;
				GCC_DYNAMIC_NO_PIC = NO;
				GCC_NO_COMMON_BLOCKS = YES;
				GCC_OPTIMIZATION_LEVEL = 0;
				GCC_PREPROCESSOR_DEFINITIONS = (
					"DEBUG=1",
					"$(inherited)",
				);
				GCC_WARN_64_TO_32_BIT_CONVERSION = YES;
				GCC_WARN_ABOUT_RETURN_TYPE = YES_ERROR;
				GCC_WARN_UNDECLARED_SELECTOR = YES;
				GCC_WARN_UNINITIALIZED_AUTOS = YES_AGGRESSIVE;
				GCC_WARN_UNUSED_FUNCTION = YES;
				GCC_WARN_UNUSED_VARIABLE = YES;
				IPHONEOS_DEPLOYMENT_TARGET = 15.5;
				MTL_ENABLE_DEBUG_INFO = INCLUDE_SOURCE;
				MTL_FAST_MATH = YES;
				ONLY_ACTIVE_ARCH = YES;
				SDKROOT = iphoneos;
				SWIFT_ACTIVE_COMPILATION_CONDITIONS = DEBUG;
				SWIFT_OPTIMIZATION_LEVEL = "-Onone";
			};
			name = Debug;
		};
		3B039CBC28C3F2F8009A05F7 /* Release */ = {
			isa = XCBuildConfiguration;
			buildSettings = {
				ALWAYS_SEARCH_USER_PATHS = NO;
				CLANG_ANALYZER_NONNULL = YES;
				CLANG_ANALYZER_NUMBER_OBJECT_CONVERSION = YES_AGGRESSIVE;
				CLANG_CXX_LANGUAGE_STANDARD = "gnu++17";
				CLANG_ENABLE_MODULES = YES;
				CLANG_ENABLE_OBJC_ARC = YES;
				CLANG_ENABLE_OBJC_WEAK = YES;
				CLANG_WARN_BLOCK_CAPTURE_AUTORELEASING = YES;
				CLANG_WARN_BOOL_CONVERSION = YES;
				CLANG_WARN_COMMA = YES;
				CLANG_WARN_CONSTANT_CONVERSION = YES;
				CLANG_WARN_DEPRECATED_OBJC_IMPLEMENTATIONS = YES;
				CLANG_WARN_DIRECT_OBJC_ISA_USAGE = YES_ERROR;
				CLANG_WARN_DOCUMENTATION_COMMENTS = YES;
				CLANG_WARN_EMPTY_BODY = YES;
				CLANG_WARN_ENUM_CONVERSION = YES;
				CLANG_WARN_INFINITE_RECURSION = YES;
				CLANG_WARN_INT_CONVERSION = YES;
				CLANG_WARN_NON_LITERAL_NULL_CONVERSION = YES;
				CLANG_WARN_OBJC_IMPLICIT_RETAIN_SELF = YES;
				CLANG_WARN_OBJC_LITERAL_CONVERSION = YES;
				CLANG_WARN_OBJC_ROOT_CLASS = YES_ERROR;
				CLANG_WARN_QUOTED_INCLUDE_IN_FRAMEWORK_HEADER = YES;
				CLANG_WARN_RANGE_LOOP_ANALYSIS = YES;
				CLANG_WARN_STRICT_PROTOTYPES = YES;
				CLANG_WARN_SUSPICIOUS_MOVE = YES;
				CLANG_WARN_UNGUARDED_AVAILABILITY = YES_AGGRESSIVE;
				CLANG_WARN_UNREACHABLE_CODE = YES;
				CLANG_WARN__DUPLICATE_METHOD_MATCH = YES;
				COPY_PHASE_STRIP = NO;
				DEBUG_INFORMATION_FORMAT = "dwarf-with-dsym";
				ENABLE_NS_ASSERTIONS = NO;
				ENABLE_STRICT_OBJC_MSGSEND = YES;
				GCC_C_LANGUAGE_STANDARD = gnu11;
				GCC_NO_COMMON_BLOCKS = YES;
				GCC_WARN_64_TO_32_BIT_CONVERSION = YES;
				GCC_WARN_ABOUT_RETURN_TYPE = YES_ERROR;
				GCC_WARN_UNDECLARED_SELECTOR = YES;
				GCC_WARN_UNINITIALIZED_AUTOS = YES_AGGRESSIVE;
				GCC_WARN_UNUSED_FUNCTION = YES;
				GCC_WARN_UNUSED_VARIABLE = YES;
				IPHONEOS_DEPLOYMENT_TARGET = 15.5;
				MTL_ENABLE_DEBUG_INFO = NO;
				MTL_FAST_MATH = YES;
				SDKROOT = iphoneos;
				SWIFT_COMPILATION_MODE = wholemodule;
				SWIFT_OPTIMIZATION_LEVEL = "-O";
				VALIDATE_PRODUCT = YES;
			};
			name = Release;
		};
		3B039CBE28C3F2F8009A05F7 /* Debug */ = {
			isa = XCBuildConfiguration;
			buildSettings = {
				ASSETCATALOG_COMPILER_APPICON_NAME = AppIcon;
				ASSETCATALOG_COMPILER_GLOBAL_ACCENT_COLOR_NAME = AccentColor;
				CODE_SIGN_STYLE = Automatic;
				CURRENT_PROJECT_VERSION = 1;
				DEVELOPMENT_TEAM = 242M47354M;
				GENERATE_INFOPLIST_FILE = YES;
				INFOPLIST_FILE = "Bank-IOS/Info.plist";
				INFOPLIST_KEY_UIApplicationSupportsIndirectInputEvents = YES;
				INFOPLIST_KEY_UILaunchStoryboardName = LaunchScreen;
				INFOPLIST_KEY_UISupportedInterfaceOrientations_iPad = "UIInterfaceOrientationPortrait UIInterfaceOrientationPortraitUpsideDown UIInterfaceOrientationLandscapeLeft UIInterfaceOrientationLandscapeRight";
				INFOPLIST_KEY_UISupportedInterfaceOrientations_iPhone = "UIInterfaceOrientationPortrait UIInterfaceOrientationLandscapeLeft UIInterfaceOrientationLandscapeRight";
				LD_RUNPATH_SEARCH_PATHS = (
					"$(inherited)",
					"@executable_path/Frameworks",
				);
				MARKETING_VERSION = 1.0;
				PRODUCT_BUNDLE_IDENTIFIER = "com.huang.yan.Bank-IOS";
				PRODUCT_NAME = "$(TARGET_NAME)";
				SWIFT_EMIT_LOC_STRINGS = YES;
				SWIFT_VERSION = 5.0;
				TARGETED_DEVICE_FAMILY = "1,2";
			};
			name = Debug;
		};
		3B039CBF28C3F2F8009A05F7 /* Release */ = {
			isa = XCBuildConfiguration;
			buildSettings = {
				ASSETCATALOG_COMPILER_APPICON_NAME = AppIcon;
				ASSETCATALOG_COMPILER_GLOBAL_ACCENT_COLOR_NAME = AccentColor;
				CODE_SIGN_STYLE = Automatic;
				CURRENT_PROJECT_VERSION = 1;
				DEVELOPMENT_TEAM = 242M47354M;
				GENERATE_INFOPLIST_FILE = YES;
				INFOPLIST_FILE = "Bank-IOS/Info.plist";
				INFOPLIST_KEY_UIApplicationSupportsIndirectInputEvents = YES;
				INFOPLIST_KEY_UILaunchStoryboardName = LaunchScreen;
				INFOPLIST_KEY_UISupportedInterfaceOrientations_iPad = "UIInterfaceOrientationPortrait UIInterfaceOrientationPortraitUpsideDown UIInterfaceOrientationLandscapeLeft UIInterfaceOrientationLandscapeRight";
				INFOPLIST_KEY_UISupportedInterfaceOrientations_iPhone = "UIInterfaceOrientationPortrait UIInterfaceOrientationLandscapeLeft UIInterfaceOrientationLandscapeRight";
				LD_RUNPATH_SEARCH_PATHS = (
					"$(inherited)",
					"@executable_path/Frameworks",
				);
				MARKETING_VERSION = 1.0;
				PRODUCT_BUNDLE_IDENTIFIER = "com.huang.yan.Bank-IOS";
				PRODUCT_NAME = "$(TARGET_NAME)";
				SWIFT_EMIT_LOC_STRINGS = YES;
				SWIFT_VERSION = 5.0;
				TARGETED_DEVICE_FAMILY = "1,2";
			};
			name = Release;
		};
		3B55092828D58A3A006424DA /* Debug */ = {
			isa = XCBuildConfiguration;
			buildSettings = {
				BUNDLE_LOADER = "$(TEST_HOST)";
				CLANG_ENABLE_MODULES = YES;
				CODE_SIGN_STYLE = Automatic;
				CURRENT_PROJECT_VERSION = 1;
				DEVELOPMENT_TEAM = 242M47354M;
				GENERATE_INFOPLIST_FILE = YES;
				LD_RUNPATH_SEARCH_PATHS = (
					"$(inherited)",
					"@executable_path/Frameworks",
					"@loader_path/Frameworks",
				);
				MARKETING_VERSION = 1.0;
				PRODUCT_BUNDLE_IDENTIFIER = com.huang.yan.BankeyUnitTests;
				PRODUCT_NAME = "$(TARGET_NAME)";
				SWIFT_EMIT_LOC_STRINGS = NO;
				SWIFT_OPTIMIZATION_LEVEL = "-Onone";
				SWIFT_VERSION = 5.0;
				TARGETED_DEVICE_FAMILY = "1,2";
				TEST_HOST = "$(BUILT_PRODUCTS_DIR)/Bank-IOS.app/Bank-IOS";
			};
			name = Debug;
		};
		3B55092928D58A3A006424DA /* Release */ = {
			isa = XCBuildConfiguration;
			buildSettings = {
				BUNDLE_LOADER = "$(TEST_HOST)";
				CLANG_ENABLE_MODULES = YES;
				CODE_SIGN_STYLE = Automatic;
				CURRENT_PROJECT_VERSION = 1;
				DEVELOPMENT_TEAM = 242M47354M;
				GENERATE_INFOPLIST_FILE = YES;
				LD_RUNPATH_SEARCH_PATHS = (
					"$(inherited)",
					"@executable_path/Frameworks",
					"@loader_path/Frameworks",
				);
				MARKETING_VERSION = 1.0;
				PRODUCT_BUNDLE_IDENTIFIER = com.huang.yan.BankeyUnitTests;
				PRODUCT_NAME = "$(TARGET_NAME)";
				SWIFT_EMIT_LOC_STRINGS = NO;
				SWIFT_VERSION = 5.0;
				TARGETED_DEVICE_FAMILY = "1,2";
				TEST_HOST = "$(BUILT_PRODUCTS_DIR)/Bank-IOS.app/Bank-IOS";
			};
			name = Release;
		};
/* End XCBuildConfiguration section */

/* Begin XCConfigurationList section */
		3B039CA428C3F2F6009A05F7 /* Build configuration list for PBXProject "Bank-IOS" */ = {
			isa = XCConfigurationList;
			buildConfigurations = (
				3B039CBB28C3F2F8009A05F7 /* Debug */,
				3B039CBC28C3F2F8009A05F7 /* Release */,
			);
			defaultConfigurationIsVisible = 0;
			defaultConfigurationName = Release;
		};
		3B039CBD28C3F2F8009A05F7 /* Build configuration list for PBXNativeTarget "Bank-IOS" */ = {
			isa = XCConfigurationList;
			buildConfigurations = (
				3B039CBE28C3F2F8009A05F7 /* Debug */,
				3B039CBF28C3F2F8009A05F7 /* Release */,
			);
			defaultConfigurationIsVisible = 0;
			defaultConfigurationName = Release;
		};
		3B55092728D58A3A006424DA /* Build configuration list for PBXNativeTarget "BankeyUnitTests" */ = {
			isa = XCConfigurationList;
			buildConfigurations = (
				3B55092828D58A3A006424DA /* Debug */,
				3B55092928D58A3A006424DA /* Release */,
			);
			defaultConfigurationIsVisible = 0;
			defaultConfigurationName = Release;
		};
/* End XCConfigurationList section */
	};
	rootObject = 3B039CA128C3F2F6009A05F7 /* Project object */;
}
